{
    "name": "generic-synthetic-nodejs",
    "version": "1.0.0",
    "lockfileVersion": 3,
    "requires": true,
    "packages": {
        "": {
            "name": "generic-synthetic-nodejs",
            "version": "1.0.0",
            "license": "Apache-2.0",
            "dependencies": {
                "@google-cloud/functions-framework": "^3.1.2",
                "node-fetch": "^2.6.0",
                "synthetics-sdk-node": "github:GoogleCloudPlatform/synthetics-sdk-nodejs#pre-npm-dist"
            }
        },
        "node_modules/@babel/code-frame": {
            "version": "7.22.5",
            "license": "MIT",
            "dependencies": {
                "@babel/highlight": "^7.22.5"
            },
            "engines": {
                "node": ">=6.9.0"
            }
        },
        "node_modules/@babel/helper-validator-identifier": {
            "version": "7.22.5",
            "license": "MIT",
            "engines": {
                "node": ">=6.9.0"
            }
        },
        "node_modules/@babel/highlight": {
            "version": "7.22.5",
            "license": "MIT",
            "dependencies": {
                "@babel/helper-validator-identifier": "^7.22.5",
                "chalk": "^2.0.0",
                "js-tokens": "^4.0.0"
            },
            "engines": {
                "node": ">=6.9.0"
            }
        },
        "node_modules/@google-cloud/functions-framework": {
            "version": "3.2.0",
            "license": "Apache-2.0",
            "dependencies": {
                "@types/express": "4.17.17",
                "body-parser": "^1.18.3",
                "cloudevents": "^6.0.0",
                "express": "^4.16.4",
                "minimist": "^1.2.7",
                "on-finished": "^2.3.0",
                "read-pkg-up": "^7.0.1",
                "semver": "^7.3.5"
            },
            "bin": {
                "functions-framework": "build/src/main.js",
                "functions-framework-nodejs": "build/src/main.js"
            },
            "engines": {
                "node": ">=10.0.0"
            }
        },
        "node_modules/@types/body-parser": {
            "version": "1.19.2",
            "license": "MIT",
            "dependencies": {
                "@types/connect": "*",
                "@types/node": "*"
            }
        },
        "node_modules/@types/connect": {
            "version": "3.4.35",
            "license": "MIT",
            "dependencies": {
                "@types/node": "*"
            }
        },
        "node_modules/@types/express": {
            "version": "4.17.17",
            "license": "MIT",
            "dependencies": {
                "@types/body-parser": "*",
                "@types/express-serve-static-core": "^4.17.33",
                "@types/qs": "*",
                "@types/serve-static": "*"
            }
        },
        "node_modules/@types/express-serve-static-core": {
            "version": "4.17.35",
            "license": "MIT",
            "dependencies": {
                "@types/node": "*",
                "@types/qs": "*",
                "@types/range-parser": "*",
                "@types/send": "*"
            }
        },
        "node_modules/@types/mime": {
            "version": "1.3.2",
            "license": "MIT"
        },
        "node_modules/@types/node": {
            "version": "20.3.1",
            "license": "MIT"
        },
        "node_modules/@types/normalize-package-data": {
            "version": "2.4.1",
            "license": "MIT"
        },
        "node_modules/@types/qs": {
            "version": "6.9.7",
            "license": "MIT"
        },
        "node_modules/@types/range-parser": {
            "version": "1.2.4",
            "license": "MIT"
        },
        "node_modules/@types/send": {
            "version": "0.17.1",
            "license": "MIT",
            "dependencies": {
                "@types/mime": "^1",
                "@types/node": "*"
            }
        },
        "node_modules/@types/serve-static": {
            "version": "1.15.1",
            "license": "MIT",
            "dependencies": {
                "@types/mime": "*",
                "@types/node": "*"
            }
        },
        "node_modules/accepts": {
            "version": "1.3.8",
            "license": "MIT",
            "dependencies": {
                "mime-types": "~2.1.34",
                "negotiator": "0.6.3"
            },
            "engines": {
                "node": ">= 0.6"
            }
        },
        "node_modules/ajv": {
            "version": "8.12.0",
            "license": "MIT",
            "dependencies": {
                "fast-deep-equal": "^3.1.1",
                "json-schema-traverse": "^1.0.0",
                "require-from-string": "^2.0.2",
                "uri-js": "^4.2.2"
            },
            "funding": {
                "type": "github",
                "url": "https://github.com/sponsors/epoberezkin"
            }
        },
        "node_modules/ajv-formats": {
            "version": "2.1.1",
            "license": "MIT",
            "dependencies": {
                "ajv": "^8.0.0"
            },
            "peerDependencies": {
                "ajv": "^8.0.0"
            },
            "peerDependenciesMeta": {
                "ajv": {
                    "optional": true
                }
            }
        },
        "node_modules/ansi-styles": {
            "version": "3.2.1",
            "license": "MIT",
            "dependencies": {
                "color-convert": "^1.9.0"
            },
            "engines": {
                "node": ">=4"
            }
        },
        "node_modules/array-flatten": {
            "version": "1.1.1",
            "license": "MIT"
        },
        "node_modules/available-typed-arrays": {
            "version": "1.0.5",
            "license": "MIT",
            "engines": {
                "node": ">= 0.4"
            },
            "funding": {
                "url": "https://github.com/sponsors/ljharb"
            }
        },
        "node_modules/body-parser": {
            "version": "1.20.2",
            "license": "MIT",
            "dependencies": {
                "bytes": "3.1.2",
                "content-type": "~1.0.5",
                "debug": "2.6.9",
                "depd": "2.0.0",
                "destroy": "1.2.0",
                "http-errors": "2.0.0",
                "iconv-lite": "0.4.24",
                "on-finished": "2.4.1",
                "qs": "6.11.0",
                "raw-body": "2.5.2",
                "type-is": "~1.6.18",
                "unpipe": "1.0.0"
            },
            "engines": {
                "node": ">= 0.8",
                "npm": "1.2.8000 || >= 1.4.16"
            }
        },
        "node_modules/bytes": {
            "version": "3.1.2",
            "license": "MIT",
            "engines": {
                "node": ">= 0.8"
            }
        },
        "node_modules/call-bind": {
            "version": "1.0.2",
            "license": "MIT",
            "dependencies": {
                "function-bind": "^1.1.1",
                "get-intrinsic": "^1.0.2"
            },
            "funding": {
                "url": "https://github.com/sponsors/ljharb"
            }
        },
        "node_modules/chalk": {
            "version": "2.4.2",
            "license": "MIT",
            "dependencies": {
                "ansi-styles": "^3.2.1",
                "escape-string-regexp": "^1.0.5",
                "supports-color": "^5.3.0"
            },
            "engines": {
                "node": ">=4"
            }
        },
        "node_modules/cloudevents": {
            "version": "6.0.4",
            "license": "Apache-2.0",
            "dependencies": {
                "ajv": "^8.11.0",
                "ajv-formats": "^2.1.1",
                "process": "^0.11.10",
                "util": "^0.12.4",
                "uuid": "^8.3.2"
            },
            "engines": {
                "node": ">=12 <20.0.0"
            }
        },
        "node_modules/color-convert": {
            "version": "1.9.3",
            "license": "MIT",
            "dependencies": {
                "color-name": "1.1.3"
            }
        },
        "node_modules/color-name": {
            "version": "1.1.3",
            "license": "MIT"
        },
        "node_modules/content-disposition": {
            "version": "0.5.4",
            "license": "MIT",
            "dependencies": {
                "safe-buffer": "5.2.1"
            },
            "engines": {
                "node": ">= 0.6"
            }
        },
        "node_modules/content-type": {
            "version": "1.0.5",
            "license": "MIT",
            "engines": {
                "node": ">= 0.6"
            }
        },
        "node_modules/cookie": {
            "version": "0.5.0",
            "license": "MIT",
            "engines": {
                "node": ">= 0.6"
            }
        },
        "node_modules/cookie-signature": {
            "version": "1.0.6",
            "license": "MIT"
        },
        "node_modules/debug": {
            "version": "2.6.9",
            "license": "MIT",
            "dependencies": {
                "ms": "2.0.0"
            }
        },
        "node_modules/depd": {
            "version": "2.0.0",
            "license": "MIT",
            "engines": {
                "node": ">= 0.8"
            }
        },
        "node_modules/destroy": {
            "version": "1.2.0",
            "license": "MIT",
            "engines": {
                "node": ">= 0.8",
                "npm": "1.2.8000 || >= 1.4.16"
            }
        },
        "node_modules/ee-first": {
            "version": "1.1.1",
            "license": "MIT"
        },
        "node_modules/encodeurl": {
            "version": "1.0.2",
            "license": "MIT",
            "engines": {
                "node": ">= 0.8"
            }
        },
        "node_modules/error-ex": {
            "version": "1.3.2",
            "license": "MIT",
            "dependencies": {
                "is-arrayish": "^0.2.1"
            }
        },
        "node_modules/escape-html": {
            "version": "1.0.3",
            "license": "MIT"
        },
        "node_modules/escape-string-regexp": {
            "version": "1.0.5",
            "license": "MIT",
            "engines": {
                "node": ">=0.8.0"
            }
        },
        "node_modules/etag": {
            "version": "1.8.1",
            "license": "MIT",
            "engines": {
                "node": ">= 0.6"
            }
        },
        "node_modules/express": {
            "version": "4.18.2",
            "license": "MIT",
            "dependencies": {
                "accepts": "~1.3.8",
                "array-flatten": "1.1.1",
                "body-parser": "1.20.1",
                "content-disposition": "0.5.4",
                "content-type": "~1.0.4",
                "cookie": "0.5.0",
                "cookie-signature": "1.0.6",
                "debug": "2.6.9",
                "depd": "2.0.0",
                "encodeurl": "~1.0.2",
                "escape-html": "~1.0.3",
                "etag": "~1.8.1",
                "finalhandler": "1.2.0",
                "fresh": "0.5.2",
                "http-errors": "2.0.0",
                "merge-descriptors": "1.0.1",
                "methods": "~1.1.2",
                "on-finished": "2.4.1",
                "parseurl": "~1.3.3",
                "path-to-regexp": "0.1.7",
                "proxy-addr": "~2.0.7",
                "qs": "6.11.0",
                "range-parser": "~1.2.1",
                "safe-buffer": "5.2.1",
                "send": "0.18.0",
                "serve-static": "1.15.0",
                "setprototypeof": "1.2.0",
                "statuses": "2.0.1",
                "type-is": "~1.6.18",
                "utils-merge": "1.0.1",
                "vary": "~1.1.2"
            },
            "engines": {
                "node": ">= 0.10.0"
            }
        },
        "node_modules/express/node_modules/body-parser": {
            "version": "1.20.1",
            "license": "MIT",
            "dependencies": {
                "bytes": "3.1.2",
                "content-type": "~1.0.4",
                "debug": "2.6.9",
                "depd": "2.0.0",
                "destroy": "1.2.0",
                "http-errors": "2.0.0",
                "iconv-lite": "0.4.24",
                "on-finished": "2.4.1",
                "qs": "6.11.0",
                "raw-body": "2.5.1",
                "type-is": "~1.6.18",
                "unpipe": "1.0.0"
            },
            "engines": {
                "node": ">= 0.8",
                "npm": "1.2.8000 || >= 1.4.16"
            }
        },
        "node_modules/express/node_modules/raw-body": {
            "version": "2.5.1",
            "license": "MIT",
            "dependencies": {
                "bytes": "3.1.2",
                "http-errors": "2.0.0",
                "iconv-lite": "0.4.24",
                "unpipe": "1.0.0"
            },
            "engines": {
                "node": ">= 0.8"
            }
        },
        "node_modules/fast-deep-equal": {
            "version": "3.1.3",
            "license": "MIT"
        },
        "node_modules/finalhandler": {
            "version": "1.2.0",
            "license": "MIT",
            "dependencies": {
                "debug": "2.6.9",
                "encodeurl": "~1.0.2",
                "escape-html": "~1.0.3",
                "on-finished": "2.4.1",
                "parseurl": "~1.3.3",
                "statuses": "2.0.1",
                "unpipe": "~1.0.0"
            },
            "engines": {
                "node": ">= 0.8"
            }
        },
        "node_modules/find-up": {
            "version": "4.1.0",
            "license": "MIT",
            "dependencies": {
                "locate-path": "^5.0.0",
                "path-exists": "^4.0.0"
            },
            "engines": {
                "node": ">=8"
            }
        },
        "node_modules/for-each": {
            "version": "0.3.3",
            "license": "MIT",
            "dependencies": {
                "is-callable": "^1.1.3"
            }
        },
        "node_modules/forwarded": {
            "version": "0.2.0",
            "license": "MIT",
            "engines": {
                "node": ">= 0.6"
            }
        },
        "node_modules/fresh": {
            "version": "0.5.2",
            "license": "MIT",
            "engines": {
                "node": ">= 0.6"
            }
        },
        "node_modules/function-bind": {
            "version": "1.1.1",
            "license": "MIT"
        },
        "node_modules/get-intrinsic": {
            "version": "1.2.1",
            "license": "MIT",
            "dependencies": {
                "function-bind": "^1.1.1",
                "has": "^1.0.3",
                "has-proto": "^1.0.1",
                "has-symbols": "^1.0.3"
            },
            "funding": {
                "url": "https://github.com/sponsors/ljharb"
            }
        },
        "node_modules/gopd": {
            "version": "1.0.1",
            "license": "MIT",
            "dependencies": {
                "get-intrinsic": "^1.1.3"
            },
            "funding": {
                "url": "https://github.com/sponsors/ljharb"
            }
        },
        "node_modules/has": {
            "version": "1.0.3",
            "license": "MIT",
            "dependencies": {
                "function-bind": "^1.1.1"
            },
            "engines": {
                "node": ">= 0.4.0"
            }
        },
        "node_modules/has-flag": {
            "version": "3.0.0",
            "license": "MIT",
            "engines": {
                "node": ">=4"
            }
        },
        "node_modules/has-proto": {
            "version": "1.0.1",
            "license": "MIT",
            "engines": {
                "node": ">= 0.4"
            },
            "funding": {
                "url": "https://github.com/sponsors/ljharb"
            }
        },
        "node_modules/has-symbols": {
            "version": "1.0.3",
            "license": "MIT",
            "engines": {
                "node": ">= 0.4"
            },
            "funding": {
                "url": "https://github.com/sponsors/ljharb"
            }
        },
        "node_modules/has-tostringtag": {
            "version": "1.0.0",
            "license": "MIT",
            "dependencies": {
                "has-symbols": "^1.0.2"
            },
            "engines": {
                "node": ">= 0.4"
            },
            "funding": {
                "url": "https://github.com/sponsors/ljharb"
            }
        },
        "node_modules/hosted-git-info": {
            "version": "2.8.9",
            "license": "ISC"
        },
        "node_modules/http-errors": {
            "version": "2.0.0",
            "license": "MIT",
            "dependencies": {
                "depd": "2.0.0",
                "inherits": "2.0.4",
                "setprototypeof": "1.2.0",
                "statuses": "2.0.1",
                "toidentifier": "1.0.1"
            },
            "engines": {
                "node": ">= 0.8"
            }
        },
        "node_modules/iconv-lite": {
            "version": "0.4.24",
            "license": "MIT",
            "dependencies": {
                "safer-buffer": ">= 2.1.2 < 3"
            },
            "engines": {
                "node": ">=0.10.0"
            }
        },
        "node_modules/inherits": {
            "version": "2.0.4",
            "license": "ISC"
        },
        "node_modules/ipaddr.js": {
            "version": "1.9.1",
            "license": "MIT",
            "engines": {
                "node": ">= 0.10"
            }
        },
        "node_modules/is-arguments": {
            "version": "1.1.1",
            "license": "MIT",
            "dependencies": {
                "call-bind": "^1.0.2",
                "has-tostringtag": "^1.0.0"
            },
            "engines": {
                "node": ">= 0.4"
            },
            "funding": {
                "url": "https://github.com/sponsors/ljharb"
            }
        },
        "node_modules/is-arrayish": {
            "version": "0.2.1",
            "license": "MIT"
        },
        "node_modules/is-callable": {
            "version": "1.2.7",
            "license": "MIT",
            "engines": {
                "node": ">= 0.4"
            },
            "funding": {
                "url": "https://github.com/sponsors/ljharb"
            }
        },
        "node_modules/is-core-module": {
            "version": "2.12.1",
            "license": "MIT",
            "dependencies": {
                "has": "^1.0.3"
            },
            "funding": {
                "url": "https://github.com/sponsors/ljharb"
            }
        },
        "node_modules/is-generator-function": {
            "version": "1.0.10",
            "license": "MIT",
            "dependencies": {
                "has-tostringtag": "^1.0.0"
            },
            "engines": {
                "node": ">= 0.4"
            },
            "funding": {
                "url": "https://github.com/sponsors/ljharb"
            }
        },
        "node_modules/is-typed-array": {
            "version": "1.1.10",
            "license": "MIT",
            "dependencies": {
                "available-typed-arrays": "^1.0.5",
                "call-bind": "^1.0.2",
                "for-each": "^0.3.3",
                "gopd": "^1.0.1",
                "has-tostringtag": "^1.0.0"
            },
            "engines": {
                "node": ">= 0.4"
            },
            "funding": {
                "url": "https://github.com/sponsors/ljharb"
            }
        },
        "node_modules/js-tokens": {
            "version": "4.0.0",
            "license": "MIT"
        },
        "node_modules/json-parse-even-better-errors": {
            "version": "2.3.1",
            "license": "MIT"
        },
        "node_modules/json-schema-traverse": {
            "version": "1.0.0",
            "license": "MIT"
        },
        "node_modules/lines-and-columns": {
            "version": "1.2.4",
            "license": "MIT"
        },
        "node_modules/locate-path": {
            "version": "5.0.0",
            "license": "MIT",
            "dependencies": {
                "p-locate": "^4.1.0"
            },
            "engines": {
                "node": ">=8"
            }
        },
        "node_modules/lru-cache": {
            "version": "6.0.0",
            "license": "ISC",
            "dependencies": {
                "yallist": "^4.0.0"
            },
            "engines": {
                "node": ">=10"
            }
        },
        "node_modules/media-typer": {
            "version": "0.3.0",
            "license": "MIT",
            "engines": {
                "node": ">= 0.6"
            }
        },
        "node_modules/merge-descriptors": {
            "version": "1.0.1",
            "license": "MIT"
        },
        "node_modules/methods": {
            "version": "1.1.2",
            "license": "MIT",
            "engines": {
                "node": ">= 0.6"
            }
        },
        "node_modules/mime": {
            "version": "1.6.0",
            "license": "MIT",
            "bin": {
                "mime": "cli.js"
            },
            "engines": {
                "node": ">=4"
            }
        },
        "node_modules/mime-db": {
            "version": "1.52.0",
            "license": "MIT",
            "engines": {
                "node": ">= 0.6"
            }
        },
        "node_modules/mime-types": {
            "version": "2.1.35",
            "license": "MIT",
            "dependencies": {
                "mime-db": "1.52.0"
            },
            "engines": {
                "node": ">= 0.6"
            }
        },
        "node_modules/minimist": {
            "version": "1.2.8",
            "license": "MIT",
            "funding": {
                "url": "https://github.com/sponsors/ljharb"
            }
        },
        "node_modules/ms": {
            "version": "2.0.0",
            "license": "MIT"
        },
        "node_modules/negotiator": {
            "version": "0.6.3",
            "license": "MIT",
            "engines": {
                "node": ">= 0.6"
            }
        },
        "node_modules/node-fetch": {
            "version": "2.6.11",
            "license": "MIT",
            "dependencies": {
                "whatwg-url": "^5.0.0"
            },
            "engines": {
                "node": "4.x || >=6.0.0"
            },
            "peerDependencies": {
                "encoding": "^0.1.0"
            },
            "peerDependenciesMeta": {
                "encoding": {
                    "optional": true
                }
            }
        },
        "node_modules/normalize-package-data": {
            "version": "2.5.0",
            "license": "BSD-2-Clause",
            "dependencies": {
                "hosted-git-info": "^2.1.4",
                "resolve": "^1.10.0",
                "semver": "2 || 3 || 4 || 5",
                "validate-npm-package-license": "^3.0.1"
            }
        },
        "node_modules/normalize-package-data/node_modules/semver": {
            "version": "5.7.1",
            "license": "ISC",
            "bin": {
                "semver": "bin/semver"
            }
        },
        "node_modules/object-inspect": {
            "version": "1.12.3",
            "license": "MIT",
            "funding": {
                "url": "https://github.com/sponsors/ljharb"
            }
        },
        "node_modules/on-finished": {
            "version": "2.4.1",
            "license": "MIT",
            "dependencies": {
                "ee-first": "1.1.1"
            },
            "engines": {
                "node": ">= 0.8"
            }
        },
        "node_modules/p-limit": {
            "version": "2.3.0",
            "license": "MIT",
            "dependencies": {
                "p-try": "^2.0.0"
            },
            "engines": {
                "node": ">=6"
            },
            "funding": {
                "url": "https://github.com/sponsors/sindresorhus"
            }
        },
        "node_modules/p-locate": {
            "version": "4.1.0",
            "license": "MIT",
            "dependencies": {
                "p-limit": "^2.2.0"
            },
            "engines": {
                "node": ">=8"
            }
        },
        "node_modules/p-try": {
            "version": "2.2.0",
            "license": "MIT",
            "engines": {
                "node": ">=6"
            }
        },
        "node_modules/parse-json": {
            "version": "5.2.0",
            "license": "MIT",
            "dependencies": {
                "@babel/code-frame": "^7.0.0",
                "error-ex": "^1.3.1",
                "json-parse-even-better-errors": "^2.3.0",
                "lines-and-columns": "^1.1.6"
            },
            "engines": {
                "node": ">=8"
            },
            "funding": {
                "url": "https://github.com/sponsors/sindresorhus"
            }
        },
        "node_modules/parseurl": {
            "version": "1.3.3",
            "license": "MIT",
            "engines": {
                "node": ">= 0.8"
            }
        },
        "node_modules/path-exists": {
            "version": "4.0.0",
            "license": "MIT",
            "engines": {
                "node": ">=8"
            }
        },
        "node_modules/path-parse": {
            "version": "1.0.7",
            "license": "MIT"
        },
        "node_modules/path-to-regexp": {
            "version": "0.1.7",
            "license": "MIT"
        },
        "node_modules/process": {
            "version": "0.11.10",
            "license": "MIT",
            "engines": {
                "node": ">= 0.6.0"
            }
        },
        "node_modules/proxy-addr": {
            "version": "2.0.7",
            "license": "MIT",
            "dependencies": {
                "forwarded": "0.2.0",
                "ipaddr.js": "1.9.1"
            },
            "engines": {
                "node": ">= 0.10"
            }
        },
        "node_modules/punycode": {
            "version": "2.3.0",
            "license": "MIT",
            "engines": {
                "node": ">=6"
            }
        },
        "node_modules/qs": {
            "version": "6.11.0",
            "license": "BSD-3-Clause",
            "dependencies": {
                "side-channel": "^1.0.4"
            },
            "engines": {
                "node": ">=0.6"
            },
            "funding": {
                "url": "https://github.com/sponsors/ljharb"
            }
        },
        "node_modules/range-parser": {
            "version": "1.2.1",
            "license": "MIT",
            "engines": {
                "node": ">= 0.6"
            }
        },
        "node_modules/raw-body": {
            "version": "2.5.2",
            "license": "MIT",
            "dependencies": {
                "bytes": "3.1.2",
                "http-errors": "2.0.0",
                "iconv-lite": "0.4.24",
                "unpipe": "1.0.0"
            },
            "engines": {
                "node": ">= 0.8"
            }
        },
        "node_modules/read-pkg": {
            "version": "5.2.0",
            "license": "MIT",
            "dependencies": {
                "@types/normalize-package-data": "^2.4.0",
                "normalize-package-data": "^2.5.0",
                "parse-json": "^5.0.0",
                "type-fest": "^0.6.0"
            },
            "engines": {
                "node": ">=8"
            }
        },
        "node_modules/read-pkg-up": {
            "version": "7.0.1",
            "license": "MIT",
            "dependencies": {
                "find-up": "^4.1.0",
                "read-pkg": "^5.2.0",
                "type-fest": "^0.8.1"
            },
            "engines": {
                "node": ">=8"
            },
            "funding": {
                "url": "https://github.com/sponsors/sindresorhus"
            }
        },
        "node_modules/read-pkg/node_modules/type-fest": {
            "version": "0.6.0",
            "license": "(MIT OR CC0-1.0)",
            "engines": {
                "node": ">=8"
            }
        },
        "node_modules/require-from-string": {
            "version": "2.0.2",
            "license": "MIT",
            "engines": {
                "node": ">=0.10.0"
            }
        },
        "node_modules/resolve": {
            "version": "1.22.2",
            "license": "MIT",
            "dependencies": {
                "is-core-module": "^2.11.0",
                "path-parse": "^1.0.7",
                "supports-preserve-symlinks-flag": "^1.0.0"
            },
            "bin": {
                "resolve": "bin/resolve"
            },
            "funding": {
                "url": "https://github.com/sponsors/ljharb"
            }
        },
        "node_modules/safe-buffer": {
            "version": "5.2.1",
            "funding": [
                {
                    "type": "github",
                    "url": "https://github.com/sponsors/feross"
                },
                {
                    "type": "patreon",
                    "url": "https://www.patreon.com/feross"
                },
                {
                    "type": "consulting",
                    "url": "https://feross.org/support"
                }
            ],
            "license": "MIT"
        },
        "node_modules/safer-buffer": {
            "version": "2.1.2",
            "license": "MIT"
        },
        "node_modules/semver": {
            "version": "7.5.2",
            "license": "ISC",
            "dependencies": {
                "lru-cache": "^6.0.0"
            },
            "bin": {
                "semver": "bin/semver.js"
            },
            "engines": {
                "node": ">=10"
            }
        },
        "node_modules/send": {
            "version": "0.18.0",
            "license": "MIT",
            "dependencies": {
                "debug": "2.6.9",
                "depd": "2.0.0",
                "destroy": "1.2.0",
                "encodeurl": "~1.0.2",
                "escape-html": "~1.0.3",
                "etag": "~1.8.1",
                "fresh": "0.5.2",
                "http-errors": "2.0.0",
                "mime": "1.6.0",
                "ms": "2.1.3",
                "on-finished": "2.4.1",
                "range-parser": "~1.2.1",
                "statuses": "2.0.1"
            },
            "engines": {
                "node": ">= 0.8.0"
            }
        },
        "node_modules/send/node_modules/ms": {
            "version": "2.1.3",
            "license": "MIT"
        },
        "node_modules/serve-static": {
            "version": "1.15.0",
            "license": "MIT",
            "dependencies": {
                "encodeurl": "~1.0.2",
                "escape-html": "~1.0.3",
                "parseurl": "~1.3.3",
                "send": "0.18.0"
            },
            "engines": {
                "node": ">= 0.8.0"
            }
        },
        "node_modules/setprototypeof": {
            "version": "1.2.0",
            "license": "ISC"
        },
        "node_modules/side-channel": {
            "version": "1.0.4",
            "license": "MIT",
            "dependencies": {
                "call-bind": "^1.0.0",
                "get-intrinsic": "^1.0.2",
                "object-inspect": "^1.9.0"
            },
            "funding": {
                "url": "https://github.com/sponsors/ljharb"
            }
        },
        "node_modules/spdx-correct": {
            "version": "3.2.0",
            "license": "Apache-2.0",
            "dependencies": {
                "spdx-expression-parse": "^3.0.0",
                "spdx-license-ids": "^3.0.0"
            }
        },
        "node_modules/spdx-exceptions": {
            "version": "2.3.0",
            "license": "CC-BY-3.0"
        },
        "node_modules/spdx-expression-parse": {
            "version": "3.0.1",
            "license": "MIT",
            "dependencies": {
                "spdx-exceptions": "^2.1.0",
                "spdx-license-ids": "^3.0.0"
            }
        },
        "node_modules/spdx-license-ids": {
            "version": "3.0.13",
            "license": "CC0-1.0"
        },
        "node_modules/statuses": {
            "version": "2.0.1",
            "license": "MIT",
            "engines": {
                "node": ">= 0.8"
            }
        },
        "node_modules/supports-color": {
            "version": "5.5.0",
            "license": "MIT",
            "dependencies": {
                "has-flag": "^3.0.0"
            },
            "engines": {
                "node": ">=4"
            }
        },
        "node_modules/supports-preserve-symlinks-flag": {
            "version": "1.0.0",
            "license": "MIT",
            "engines": {
                "node": ">= 0.4"
            },
            "funding": {
                "url": "https://github.com/sponsors/ljharb"
            }
        },
        "node_modules/synthetics-sdk-node": {
            "resolved": "git+ssh://git@github.com/GoogleCloudPlatform/synthetics-sdk-nodejs.git#49745a9b7d21df4750bdbab755b22a8d320277be",
            "license": "Apache-2.0",
            "workspaces": [
                "./packages/*"
            ]
        },
        "node_modules/toidentifier": {
            "version": "1.0.1",
            "license": "MIT",
            "engines": {
                "node": ">=0.6"
            }
        },
        "node_modules/tr46": {
            "version": "0.0.3",
            "license": "MIT"
        },
        "node_modules/type-fest": {
            "version": "0.8.1",
            "license": "(MIT OR CC0-1.0)",
            "engines": {
                "node": ">=8"
            }
        },
        "node_modules/type-is": {
            "version": "1.6.18",
            "license": "MIT",
            "dependencies": {
                "media-typer": "0.3.0",
                "mime-types": "~2.1.24"
            },
            "engines": {
                "node": ">= 0.6"
            }
        },
        "node_modules/unpipe": {
            "version": "1.0.0",
            "license": "MIT",
            "engines": {
                "node": ">= 0.8"
            }
        },
        "node_modules/uri-js": {
            "version": "4.4.1",
            "license": "BSD-2-Clause",
            "dependencies": {
                "punycode": "^2.1.0"
            }
        },
        "node_modules/util": {
            "version": "0.12.5",
            "license": "MIT",
            "dependencies": {
                "inherits": "^2.0.3",
                "is-arguments": "^1.0.4",
                "is-generator-function": "^1.0.7",
                "is-typed-array": "^1.1.3",
                "which-typed-array": "^1.1.2"
            }
        },
        "node_modules/utils-merge": {
            "version": "1.0.1",
            "license": "MIT",
            "engines": {
                "node": ">= 0.4.0"
            }
        },
        "node_modules/uuid": {
            "version": "8.3.2",
            "license": "MIT",
            "bin": {
                "uuid": "dist/bin/uuid"
            }
        },
        "node_modules/validate-npm-package-license": {
            "version": "3.0.4",
            "license": "Apache-2.0",
            "dependencies": {
                "spdx-correct": "^3.0.0",
                "spdx-expression-parse": "^3.0.0"
            }
        },
        "node_modules/vary": {
            "version": "1.1.2",
            "license": "MIT",
            "engines": {
                "node": ">= 0.8"
            }
        },
        "node_modules/webidl-conversions": {
            "version": "3.0.1",
            "license": "BSD-2-Clause"
        },
        "node_modules/whatwg-url": {
            "version": "5.0.0",
            "license": "MIT",
            "dependencies": {
                "tr46": "~0.0.3",
                "webidl-conversions": "^3.0.0"
            }
        },
        "node_modules/which-typed-array": {
            "version": "1.1.9",
            "license": "MIT",
            "dependencies": {
                "available-typed-arrays": "^1.0.5",
                "call-bind": "^1.0.2",
                "for-each": "^0.3.3",
                "gopd": "^1.0.1",
                "has-tostringtag": "^1.0.0",
                "is-typed-array": "^1.1.10"
            },
            "engines": {
                "node": ">= 0.4"
            },
            "funding": {
                "url": "https://github.com/sponsors/ljharb"
            }
        },
        "node_modules/yallist": {
            "version": "4.0.0",
            "license": "ISC"
        }
    }
}
